
Microsoft Visual Studio Solution File, Format Version 12.00
# Visual Studio Version 17
VisualStudioVersion = 17.1.32421.90
MinimumVisualStudioVersion = 10.0.40219.1
Project("{2150E333-8FDC-42A3-9474-1A3956D46DE8}") = "Services", "Services", "{79ACF404-F28D-4855-AF75-BCBD715D8FB0}"
EndProject
Project("{2150E333-8FDC-42A3-9474-1A3956D46DE8}") = "Catalog", "Catalog", "{5B238FDF-6D84-4257-AB59-97BE670E68BF}"
EndProject
Project("{9A19103F-16F7-4668-BE54-9A1E7A4F7556}") = "Catalog.API", "src\Services\Catalog\Catalog.API\Catalog.API.csproj", "{0C8FD784-12D9-4B94-9387-0C4BAC87CC50}"
EndProject
Global
	GlobalSection(SolutionConfigurationPlatforms) = preSolution
		Debug|Any CPU = Debug|Any CPU
		Release|Any CPU = Release|Any CPU
	EndGlobalSection
	GlobalSection(ProjectConfigurationPlatforms) = postSolution
		{0C8FD784-12D9-4B94-9387-0C4BAC87CC50}.Debug|Any CPU.ActiveCfg = Debug|Any CPU
		{0C8FD784-12D9-4B94-9387-0C4BAC87CC50}.Debug|Any CPU.Build.0 = Debug|Any CPU
		{0C8FD784-12D9-4B94-9387-0C4BAC87CC50}.Release|Any CPU.ActiveCfg = Release|Any CPU
		{0C8FD784-12D9-4B94-9387-0C4BAC87CC50}.Release|Any CPU.Build.0 = Release|Any CPU
	EndGlobalSection
	GlobalSection(SolutionProperties) = preSolution
		HideSolutionNode = FALSE
	EndGlobalSection
	GlobalSection(NestedProjects) = preSolution
		{5B238FDF-6D84-4257-AB59-97BE670E68BF} = {79ACF404-F28D-4855-AF75-BCBD715D8FB0}
		{0C8FD784-12D9-4B94-9387-0C4BAC87CC50} = {5B238FDF-6D84-4257-AB59-97BE670E68BF}
	EndGlobalSection
	GlobalSection(ExtensibilityGlobals) = postSolution
		SolutionGuid = {81238DBD-5A9C-4A7B-A33E-F591309FC82B}
	EndGlobalSection
EndGlobal
