
Microsoft Visual Studio Solution File, Format Version 12.00
# Visual Studio Version 17
VisualStudioVersion = 17.1.32421.90
MinimumVisualStudioVersion = 10.0.40219.1
Project("{2150E333-8FDC-42A3-9474-1A3956D46DE8}") = "Services", "Services", "{79ACF404-F28D-4855-AF75-BCBD715D8FB0}"
EndProject
Project("{2150E333-8FDC-42A3-9474-1A3956D46DE8}") = "Catalog", "Catalog", "{5B238FDF-6D84-4257-AB59-97BE670E68BF}"
EndProject
Project("{9A19103F-16F7-4668-BE54-9A1E7A4F7556}") = "Catalog.API", "src\Services\Catalog\Catalog.API\Catalog.API.csproj", "{0C8FD784-12D9-4B94-9387-0C4BAC87CC50}"
EndProject
Project("{E53339B2-1760-4266-BCC7-CA923CBCF16C}") = "docker-compose", "docker-compose.dcproj", "{69BA17CA-7F95-41B9-8607-055A9FE6E340}"
EndProject
Project("{2150E333-8FDC-42A3-9474-1A3956D46DE8}") = "Basket", "Basket", "{E1BEEC95-5A91-4866-B60D-3CD33A6FB65A}"
EndProject
Project("{9A19103F-16F7-4668-BE54-9A1E7A4F7556}") = "Basket.API", "src\Services\Basket\Basket.API\Basket.API.csproj", "{3E409C6A-3B93-4A49-A751-54448607E48B}"
EndProject
Project("{2150E333-8FDC-42A3-9474-1A3956D46DE8}") = "Discount", "Discount", "{FCA0C4C8-84AD-4CF5-9246-6E10428C455C}"
EndProject
Project("{9A19103F-16F7-4668-BE54-9A1E7A4F7556}") = "Discount.API", "src\Services\Discount\Discount.API\Discount.API.csproj", "{9981FF55-4112-48D1-97E8-CF5067C66BBB}"
EndProject
Project("{FAE04EC0-301F-11D3-BF4B-00C04F79EFBC}") = "Discount.Grpc", "src\Services\Discount\Discount.Grpc\Discount.Grpc.csproj", "{612211C1-6140-42AE-A231-C8D8A519A5C3}"
EndProject
Global
	GlobalSection(SolutionConfigurationPlatforms) = preSolution
		Debug|Any CPU = Debug|Any CPU
		Release|Any CPU = Release|Any CPU
	EndGlobalSection
	GlobalSection(ProjectConfigurationPlatforms) = postSolution
		{0C8FD784-12D9-4B94-9387-0C4BAC87CC50}.Debug|Any CPU.ActiveCfg = Debug|Any CPU
		{0C8FD784-12D9-4B94-9387-0C4BAC87CC50}.Debug|Any CPU.Build.0 = Debug|Any CPU
		{0C8FD784-12D9-4B94-9387-0C4BAC87CC50}.Release|Any CPU.ActiveCfg = Release|Any CPU
		{0C8FD784-12D9-4B94-9387-0C4BAC87CC50}.Release|Any CPU.Build.0 = Release|Any CPU
		{69BA17CA-7F95-41B9-8607-055A9FE6E340}.Debug|Any CPU.ActiveCfg = Debug|Any CPU
		{69BA17CA-7F95-41B9-8607-055A9FE6E340}.Debug|Any CPU.Build.0 = Debug|Any CPU
		{69BA17CA-7F95-41B9-8607-055A9FE6E340}.Release|Any CPU.ActiveCfg = Release|Any CPU
		{69BA17CA-7F95-41B9-8607-055A9FE6E340}.Release|Any CPU.Build.0 = Release|Any CPU
		{3E409C6A-3B93-4A49-A751-54448607E48B}.Debug|Any CPU.ActiveCfg = Debug|Any CPU
		{3E409C6A-3B93-4A49-A751-54448607E48B}.Debug|Any CPU.Build.0 = Debug|Any CPU
		{3E409C6A-3B93-4A49-A751-54448607E48B}.Release|Any CPU.ActiveCfg = Release|Any CPU
		{3E409C6A-3B93-4A49-A751-54448607E48B}.Release|Any CPU.Build.0 = Release|Any CPU
		{9981FF55-4112-48D1-97E8-CF5067C66BBB}.Debug|Any CPU.ActiveCfg = Debug|Any CPU
		{9981FF55-4112-48D1-97E8-CF5067C66BBB}.Debug|Any CPU.Build.0 = Debug|Any CPU
		{9981FF55-4112-48D1-97E8-CF5067C66BBB}.Release|Any CPU.ActiveCfg = Release|Any CPU
		{9981FF55-4112-48D1-97E8-CF5067C66BBB}.Release|Any CPU.Build.0 = Release|Any CPU
		{612211C1-6140-42AE-A231-C8D8A519A5C3}.Debug|Any CPU.ActiveCfg = Debug|Any CPU
		{612211C1-6140-42AE-A231-C8D8A519A5C3}.Debug|Any CPU.Build.0 = Debug|Any CPU
		{612211C1-6140-42AE-A231-C8D8A519A5C3}.Release|Any CPU.ActiveCfg = Release|Any CPU
		{612211C1-6140-42AE-A231-C8D8A519A5C3}.Release|Any CPU.Build.0 = Release|Any CPU
	EndGlobalSection
	GlobalSection(SolutionProperties) = preSolution
		HideSolutionNode = FALSE
	EndGlobalSection
	GlobalSection(NestedProjects) = preSolution
		{5B238FDF-6D84-4257-AB59-97BE670E68BF} = {79ACF404-F28D-4855-AF75-BCBD715D8FB0}
		{0C8FD784-12D9-4B94-9387-0C4BAC87CC50} = {5B238FDF-6D84-4257-AB59-97BE670E68BF}
		{E1BEEC95-5A91-4866-B60D-3CD33A6FB65A} = {79ACF404-F28D-4855-AF75-BCBD715D8FB0}
		{3E409C6A-3B93-4A49-A751-54448607E48B} = {E1BEEC95-5A91-4866-B60D-3CD33A6FB65A}
		{FCA0C4C8-84AD-4CF5-9246-6E10428C455C} = {79ACF404-F28D-4855-AF75-BCBD715D8FB0}
		{9981FF55-4112-48D1-97E8-CF5067C66BBB} = {FCA0C4C8-84AD-4CF5-9246-6E10428C455C}
		{612211C1-6140-42AE-A231-C8D8A519A5C3} = {FCA0C4C8-84AD-4CF5-9246-6E10428C455C}
	EndGlobalSection
	GlobalSection(ExtensibilityGlobals) = postSolution
		SolutionGuid = {81238DBD-5A9C-4A7B-A33E-F591309FC82B}
	EndGlobalSection
EndGlobal
